// !$*UTF8*$!
{
	archiveVersion = 1;
	classes = {
	};
	objectVersion = 50;
	objects = {

/* Begin PBXBuildFile section */
		8245E2EE2C28DD51672B8879 /* Pods_iOS_project.framework in Frameworks */ = {isa = PBXBuildFile; fileRef = 4FCCDEA88A08BF328EEDACD5 /* Pods_iOS_project.framework */; };
		A1A8C35323E9253300F44D96 /* AppDelegate.m in Sources */ = {isa = PBXBuildFile; fileRef = A1A8C35223E9253300F44D96 /* AppDelegate.m */; };
		A1A8C35623E9253300F44D96 /* ViewController.m in Sources */ = {isa = PBXBuildFile; fileRef = A1A8C35523E9253300F44D96 /* ViewController.m */; };
		A1A8C35923E9253300F44D96 /* Main.storyboard in Resources */ = {isa = PBXBuildFile; fileRef = A1A8C35723E9253300F44D96 /* Main.storyboard */; };
		A1A8C35B23E9253500F44D96 /* Assets.xcassets in Resources */ = {isa = PBXBuildFile; fileRef = A1A8C35A23E9253500F44D96 /* Assets.xcassets */; };
		A1A8C35E23E9253500F44D96 /* LaunchScreen.storyboard in Resources */ = {isa = PBXBuildFile; fileRef = A1A8C35C23E9253500F44D96 /* LaunchScreen.storyboard */; };
		A1A8C36123E9253500F44D96 /* main.m in Sources */ = {isa = PBXBuildFile; fileRef = A1A8C36023E9253500F44D96 /* main.m */; };
/* End PBXBuildFile section */

/* Begin PBXFileReference section */
		24AF9E3FBC9B170DF92C63D3 /* Pods-iOS_project.debug.xcconfig */ = {isa = PBXFileReference; includeInIndex = 1; lastKnownFileType = text.xcconfig; name = "Pods-iOS_project.debug.xcconfig"; path = "Target Support Files/Pods-iOS_project/Pods-iOS_project.debug.xcconfig"; sourceTree = "<group>"; };
		4FCCDEA88A08BF328EEDACD5 /* Pods_iOS_project.framework */ = {isa = PBXFileReference; explicitFileType = wrapper.framework; includeInIndex = 0; path = Pods_iOS_project.framework; sourceTree = BUILT_PRODUCTS_DIR; };
		A1A8C34E23E9253300F44D96 /* iOS_project.app */ = {isa = PBXFileReference; explicitFileType = wrapper.application; includeInIndex = 0; path = iOS_project.app; sourceTree = BUILT_PRODUCTS_DIR; };
		A1A8C35123E9253300F44D96 /* AppDelegate.h */ = {isa = PBXFileReference; lastKnownFileType = sourcecode.c.h; path = AppDelegate.h; sourceTree = "<group>"; };
		A1A8C35223E9253300F44D96 /* AppDelegate.m */ = {isa = PBXFileReference; lastKnownFileType = sourcecode.c.objc; path = AppDelegate.m; sourceTree = "<group>"; };
		A1A8C35423E9253300F44D96 /* ViewController.h */ = {isa = PBXFileReference; lastKnownFileType = sourcecode.c.h; path = ViewController.h; sourceTree = "<group>"; };
		A1A8C35523E9253300F44D96 /* ViewController.m */ = {isa = PBXFileReference; lastKnownFileType = sourcecode.c.objc; path = ViewController.m; sourceTree = "<group>"; };
		A1A8C35823E9253300F44D96 /* Base */ = {isa = PBXFileReference; lastKnownFileType = file.storyboard; name = Base; path = Base.lproj/Main.storyboard; sourceTree = "<group>"; };
		A1A8C35A23E9253500F44D96 /* Assets.xcassets */ = {isa = PBXFileReference; lastKnownFileType = folder.assetcatalog; path = Assets.xcassets; sourceTree = "<group>"; };
		A1A8C35D23E9253500F44D96 /* Base */ = {isa = PBXFileReference; lastKnownFileType = file.storyboard; name = Base; path = Base.lproj/LaunchScreen.storyboard; sourceTree = "<group>"; };
		A1A8C35F23E9253500F44D96 /* Info.plist */ = {isa = PBXFileReference; lastKnownFileType = text.plist.xml; path = Info.plist; sourceTree = "<group>"; };
		A1A8C36023E9253500F44D96 /* main.m */ = {isa = PBXFileReference; lastKnownFileType = sourcecode.c.objc; path = main.m; sourceTree = "<group>"; };
		FA0D440C401586DE9ED0564E /* Pods-iOS_project.release.xcconfig */ = {isa = PBXFileReference; includeInIndex = 1; lastKnownFileType = text.xcconfig; name = "Pods-iOS_project.release.xcconfig"; path = "Target Support Files/Pods-iOS_project/Pods-iOS_project.release.xcconfig"; sourceTree = "<group>"; };
/* End PBXFileReference section */

/* Begin PBXFrameworksBuildPhase section */
		A1A8C34B23E9253300F44D96 /* Frameworks */ = {
			isa = PBXFrameworksBuildPhase;
			buildActionMask = 2147483647;
			files = (
				8245E2EE2C28DD51672B8879 /* Pods_iOS_project.framework in Frameworks */,
			);
			runOnlyForDeploymentPostprocessing = 0;
		};
/* End PBXFrameworksBuildPhase section */

/* Begin PBXGroup section */
		4D35989DE6C5DA93138C1D7D /* Frameworks */ = {
			isa = PBXGroup;
			children = (
				4FCCDEA88A08BF328EEDACD5 /* Pods_iOS_project.framework */,
			);
			name = Frameworks;
			sourceTree = "<group>";
		};
		7F385335958F8655FCFCB95C /* Pods */ = {
			isa = PBXGroup;
			children = (
				24AF9E3FBC9B170DF92C63D3 /* Pods-iOS_project.debug.xcconfig */,
				FA0D440C401586DE9ED0564E /* Pods-iOS_project.release.xcconfig */,
			);
			name = Pods;
			path = Pods;
			sourceTree = "<group>";
		};
		A1A8C34523E9253300F44D96 = {
			isa = PBXGroup;
			children = (
				A1A8C35023E9253300F44D96 /* iOS_project */,
				A1A8C34F23E9253300F44D96 /* Products */,
				7F385335958F8655FCFCB95C /* Pods */,
				4D35989DE6C5DA93138C1D7D /* Frameworks */,
			);
			sourceTree = "<group>";
		};
		A1A8C34F23E9253300F44D96 /* Products */ = {
			isa = PBXGroup;
			children = (
				A1A8C34E23E9253300F44D96 /* iOS_project.app */,
			);
			name = Products;
			sourceTree = "<group>";
		};
		A1A8C35023E9253300F44D96 /* iOS_project */ = {
			isa = PBXGroup;
			children = (
				A1A8C35123E9253300F44D96 /* AppDelegate.h */,
				A1A8C35223E9253300F44D96 /* AppDelegate.m */,
				A1A8C35423E9253300F44D96 /* ViewController.h */,
				A1A8C35523E9253300F44D96 /* ViewController.m */,
				A1A8C35723E9253300F44D96 /* Main.storyboard */,
				A1A8C35A23E9253500F44D96 /* Assets.xcassets */,
				A1A8C35C23E9253500F44D96 /* LaunchScreen.storyboard */,
				A1A8C35F23E9253500F44D96 /* Info.plist */,
				A1A8C36023E9253500F44D96 /* main.m */,
			);
			path = iOS_project;
			sourceTree = "<group>";
		};
/* End PBXGroup section */

/* Begin PBXNativeTarget section */
		A1A8C34D23E9253300F44D96 /* iOS_project */ = {
			isa = PBXNativeTarget;
			buildConfigurationList = A1A8C36423E9253500F44D96 /* Build configuration list for PBXNativeTarget "iOS_project" */;
			buildPhases = (
				51A98650780D94BB2D0A2D57 /* [CP] Check Pods Manifest.lock */,
				C98E1782ACF46306BC313D52 /* [CP-User] Run Flutter Build Script */,
				A1A8C34A23E9253300F44D96 /* Sources */,
				A1A8C34B23E9253300F44D96 /* Frameworks */,
				A1A8C34C23E9253300F44D96 /* Resources */,
				D71E5D024B8DB83C1F5B151B /* [CP] Embed Pods Frameworks */,
			);
			buildRules = (
			);
			dependencies = (
			);
			name = iOS_project;
			productName = iOS_project;
			productReference = A1A8C34E23E9253300F44D96 /* iOS_project.app */;
			productType = "com.apple.product-type.application";
		};
/* End PBXNativeTarget section */

/* Begin PBXProject section */
		A1A8C34623E9253300F44D96 /* Project object */ = {
			isa = PBXProject;
			attributes = {
				LastUpgradeCheck = 1030;
				ORGANIZATIONNAME = Josh_Lv;
				TargetAttributes = {
					A1A8C34D23E9253300F44D96 = {
						CreatedOnToolsVersion = 10.3;
					};
				};
			};
			buildConfigurationList = A1A8C34923E9253300F44D96 /* Build configuration list for PBXProject "iOS_project" */;
			compatibilityVersion = "Xcode 9.3";
			developmentRegion = en;
			hasScannedForEncodings = 0;
			knownRegions = (
				en,
				Base,
			);
			mainGroup = A1A8C34523E9253300F44D96;
			productRefGroup = A1A8C34F23E9253300F44D96 /* Products */;
			projectDirPath = "";
			projectRoot = "";
			targets = (
				A1A8C34D23E9253300F44D96 /* iOS_project */,
			);
		};
/* End PBXProject section */

/* Begin PBXResourcesBuildPhase section */
		A1A8C34C23E9253300F44D96 /* Resources */ = {
			isa = PBXResourcesBuildPhase;
			buildActionMask = 2147483647;
			files = (
				A1A8C35E23E9253500F44D96 /* LaunchScreen.storyboard in Resources */,
				A1A8C35B23E9253500F44D96 /* Assets.xcassets in Resources */,
				A1A8C35923E9253300F44D96 /* Main.storyboard in Resources */,
			);
			runOnlyForDeploymentPostprocessing = 0;
		};
/* End PBXResourcesBuildPhase section */

/* Begin PBXShellScriptBuildPhase section */
		51A98650780D94BB2D0A2D57 /* [CP] Check Pods Manifest.lock */ = {
			isa = PBXShellScriptBuildPhase;
			buildActionMask = 2147483647;
			files = (
			);
			inputFileListPaths = (
			);
			inputPaths = (
				"${PODS_PODFILE_DIR_PATH}/Podfile.lock",
				"${PODS_ROOT}/Manifest.lock",
			);
			name = "[CP] Check Pods Manifest.lock";
			outputFileListPaths = (
			);
			outputPaths = (
				"$(DERIVED_FILE_DIR)/Pods-iOS_project-checkManifestLockResult.txt",
			);
			runOnlyForDeploymentPostprocessing = 0;
			shellPath = /bin/sh;
			shellScript = "diff \"${PODS_PODFILE_DIR_PATH}/Podfile.lock\" \"${PODS_ROOT}/Manifest.lock\" > /dev/null\nif [ $? != 0 ] ; then\n    # print error to STDERR\n    echo \"error: The sandbox is not in sync with the Podfile.lock. Run 'pod install' or update your CocoaPods installation.\" >&2\n    exit 1\nfi\n# This output is used by Xcode 'outputs' to avoid re-running this script phase.\necho \"SUCCESS\" > \"${SCRIPT_OUTPUT_FILE_0}\"\n";
			showEnvVarsInLog = 0;
		};
		C98E1782ACF46306BC313D52 /* [CP-User] Run Flutter Build Script */ = {
			isa = PBXShellScriptBuildPhase;
			buildActionMask = 2147483647;
			files = (
			);
			inputPaths = (
				"${SRCROOT}/./flutter_project/.metadata",
				"${SRCROOT}/flutter_project/.ios/Flutter/App.framework/App",
				"${SRCROOT}/flutter_project/.ios/Flutter/engine/Flutter.framework/Flutter",
				"${SRCROOT}/flutter_project/.ios/Flutter/flutter_export_environment.sh",
			);
			name = "[CP-User] Run Flutter Build Script";
			runOnlyForDeploymentPostprocessing = 0;
			shellPath = /bin/sh;
			shellScript = "set -e\nset -u\nsource \"${SRCROOT}/flutter_project/.ios/Flutter/flutter_export_environment.sh\"\n\"$FLUTTER_ROOT\"/packages/flutter_tools/bin/xcode_backend.sh build";
		};
		D71E5D024B8DB83C1F5B151B /* [CP] Embed Pods Frameworks */ = {
			isa = PBXShellScriptBuildPhase;
			buildActionMask = 2147483647;
			files = (
			);
			inputFileListPaths = (
				"${PODS_ROOT}/Target Support Files/Pods-iOS_project/Pods-iOS_project-frameworks-${CONFIGURATION}-input-files.xcfilelist",
			);
			name = "[CP] Embed Pods Frameworks";
			outputFileListPaths = (
				"${PODS_ROOT}/Target Support Files/Pods-iOS_project/Pods-iOS_project-frameworks-${CONFIGURATION}-output-files.xcfilelist",
			);
			runOnlyForDeploymentPostprocessing = 0;
			shellPath = /bin/sh;
			shellScript = "\"${PODS_ROOT}/Target Support Files/Pods-iOS_project/Pods-iOS_project-frameworks.sh\"\n";
			showEnvVarsInLog = 0;
		};
/* End PBXShellScriptBuildPhase section */

/* Begin PBXSourcesBuildPhase section */
		A1A8C34A23E9253300F44D96 /* Sources */ = {
			isa = PBXSourcesBuildPhase;
			buildActionMask = 2147483647;
			files = (
				A1A8C35623E9253300F44D96 /* ViewController.m in Sources */,
				A1A8C36123E9253500F44D96 /* main.m in Sources */,
				A1A8C35323E9253300F44D96 /* AppDelegate.m in Sources */,
			);
			runOnlyForDeploymentPostprocessing = 0;
		};
/* End PBXSourcesBuildPhase section */

/* Begin PBXVariantGroup section */
		A1A8C35723E9253300F44D96 /* Main.storyboard */ = {
			isa = PBXVariantGroup;
			children = (
				A1A8C35823E9253300F44D96 /* Base */,
			);
			name = Main.storyboard;
			sourceTree = "<group>";
		};
		A1A8C35C23E9253500F44D96 /* LaunchScreen.storyboard */ = {
			isa = PBXVariantGroup;
			children = (
				A1A8C35D23E9253500F44D96 /* Base */,
			);
			name = LaunchScreen.storyboard;
			sourceTree = "<group>";
		};
/* End PBXVariantGroup section */

/* Begin XCBuildConfiguration section */
		A1A8C36223E9253500F44D96 /* Debug */ = {
			isa = XCBuildConfiguration;
			buildSettings = {
				ALWAYS_SEARCH_USER_PATHS = NO;
				CLANG_ANALYZER_NONNULL = YES;
				CLANG_ANALYZER_NUMBER_OBJECT_CONVERSION = YES_AGGRESSIVE;
				CLANG_CXX_LANGUAGE_STANDARD = "gnu++14";
				CLANG_CXX_LIBRARY = "libc++";
				CLANG_ENABLE_MODULES = YES;
				CLANG_ENABLE_OBJC_ARC = YES;
				CLANG_ENABLE_OBJC_WEAK = YES;
				CLANG_WARN_BLOCK_CAPTURE_AUTORELEASING = YES;
				CLANG_WARN_BOOL_CONVERSION = YES;
				CLANG_WARN_COMMA = YES;
				CLANG_WARN_CONSTANT_CONVERSION = YES;
				CLANG_WARN_DEPRECATED_OBJC_IMPLEMENTATIONS = YES;
				CLANG_WARN_DIRECT_OBJC_ISA_USAGE = YES_ERROR;
				CLANG_WARN_DOCUMENTATION_COMMENTS = YES;
				CLANG_WARN_EMPTY_BODY = YES;
				CLANG_WARN_ENUM_CONVERSION = YES;
				CLANG_WARN_INFINITE_RECURSION = YES;
				CLANG_WARN_INT_CONVERSION = YES;
				CLANG_WARN_NON_LITERAL_NULL_CONVERSION = YES;
				CLANG_WARN_OBJC_IMPLICIT_RETAIN_SELF = YES;
				CLANG_WARN_OBJC_LITERAL_CONVERSION = YES;
				CLANG_WARN_OBJC_ROOT_CLASS = YES_ERROR;
				CLANG_WARN_RANGE_LOOP_ANALYSIS = YES;
				CLANG_WARN_STRICT_PROTOTYPES = YES;
				CLANG_WARN_SUSPICIOUS_MOVE = YES;
				CLANG_WARN_UNGUARDED_AVAILABILITY = YES_AGGRESSIVE;
				CLANG_WARN_UNREACHABLE_CODE = YES;
				CLANG_WARN__DUPLICATE_METHOD_MATCH = YES;
				CODE_SIGN_IDENTITY = "iPhone Developer";
				COPY_PHASE_STRIP = NO;
				DEBUG_INFORMATION_FORMAT = dwarf;
				ENABLE_STRICT_OBJC_MSGSEND = YES;
				ENABLE_TESTABILITY = YES;
				GCC_C_LANGUAGE_STANDARD = gnu11;
				GCC_DYNAMIC_NO_PIC = NO;
				GCC_NO_COMMON_BLOCKS = YES;
				GCC_OPTIMIZATION_LEVEL = 0;
				GCC_PREPROCESSOR_DEFINITIONS = (
					"DEBUG=1",
					"$(inherited)",
				);
				GCC_WARN_64_TO_32_BIT_CONVERSION = YES;
				GCC_WARN_ABOUT_RETURN_TYPE = YES_ERROR;
				GCC_WARN_UNDECLARED_SELECTOR = YES;
				GCC_WARN_UNINITIALIZED_AUTOS = YES_AGGRESSIVE;
				GCC_WARN_UNUSED_FUNCTION = YES;
				GCC_WARN_UNUSED_VARIABLE = YES;
				IPHONEOS_DEPLOYMENT_TARGET = 12.4;
				MTL_ENABLE_DEBUG_INFO = INCLUDE_SOURCE;
				MTL_FAST_MATH = YES;
				ONLY_ACTIVE_ARCH = YES;
				SDKROOT = iphoneos;
			};
			name = Debug;
		};
		A1A8C36323E9253500F44D96 /* Release */ = {
			isa = XCBuildConfiguration;
			buildSettings = {
				ALWAYS_SEARCH_USER_PATHS = NO;
				CLANG_ANALYZER_NONNULL = YES;
				CLANG_ANALYZER_NUMBER_OBJECT_CONVERSION = YES_AGGRESSIVE;
				CLANG_CXX_LANGUAGE_STANDARD = "gnu++14";
				CLANG_CXX_LIBRARY = "libc++";
				CLANG_ENABLE_MODULES = YES;
				CLANG_ENABLE_OBJC_ARC = YES;
				CLANG_ENABLE_OBJC_WEAK = YES;
				CLANG_WARN_BLOCK_CAPTURE_AUTORELEASING = YES;
				CLANG_WARN_BOOL_CONVERSION = YES;
				CLANG_WARN_COMMA = YES;
				CLANG_WARN_CONSTANT_CONVERSION = YES;
				CLANG_WARN_DEPRECATED_OBJC_IMPLEMENTATIONS = YES;
				CLANG_WARN_DIRECT_OBJC_ISA_USAGE = YES_ERROR;
				CLANG_WARN_DOCUMENTATION_COMMENTS = YES;
				CLANG_WARN_EMPTY_BODY = YES;
				CLANG_WARN_ENUM_CONVERSION = YES;
				CLANG_WARN_INFINITE_RECURSION = YES;
				CLANG_WARN_INT_CONVERSION = YES;
				CLANG_WARN_NON_LITERAL_NULL_CONVERSION = YES;
				CLANG_WARN_OBJC_IMPLICIT_RETAIN_SELF = YES;
				CLANG_WARN_OBJC_LITERAL_CONVERSION = YES;
				CLANG_WARN_OBJC_ROOT_CLASS = YES_ERROR;
				CLANG_WARN_RANGE_LOOP_ANALYSIS = YES;
				CLANG_WARN_STRICT_PROTOTYPES = YES;
				CLANG_WARN_SUSPICIOUS_MOVE = YES;
				CLANG_WARN_UNGUARDED_AVAILABILITY = YES_AGGRESSIVE;
				CLANG_WARN_UNREACHABLE_CODE = YES;
				CLANG_WARN__DUPLICATE_METHOD_MATCH = YES;
				CODE_SIGN_IDENTITY = "iPhone Developer";
				COPY_PHASE_STRIP = NO;
				DEBUG_INFORMATION_FORMAT = "dwarf-with-dsym";
				ENABLE_NS_ASSERTIONS = NO;
				ENABLE_STRICT_OBJC_MSGSEND = YES;
				GCC_C_LANGUAGE_STANDARD = gnu11;
				GCC_NO_COMMON_BLOCKS = YES;
				GCC_WARN_64_TO_32_BIT_CONVERSION = YES;
				GCC_WARN_ABOUT_RETURN_TYPE = YES_ERROR;
				GCC_WARN_UNDECLARED_SELECTOR = YES;
				GCC_WARN_UNINITIALIZED_AUTOS = YES_AGGRESSIVE;
				GCC_WARN_UNUSED_FUNCTION = YES;
				GCC_WARN_UNUSED_VARIABLE = YES;
				IPHONEOS_DEPLOYMENT_TARGET = 12.4;
				MTL_ENABLE_DEBUG_INFO = NO;
				MTL_FAST_MATH = YES;
				SDKROOT = iphoneos;
				VALIDATE_PRODUCT = YES;
			};
			name = Release;
		};
		A1A8C36523E9253500F44D96 /* Debug */ = {
			isa = XCBuildConfiguration;
			baseConfigurationReference = 24AF9E3FBC9B170DF92C63D3 /* Pods-iOS_project.debug.xcconfig */;
			buildSettings = {
				ASSETCATALOG_COMPILER_APPICON_NAME = AppIcon;
				CODE_SIGN_STYLE = Automatic;
				INFOPLIST_FILE = iOS_project/Info.plist;
				LD_RUNPATH_SEARCH_PATHS = (
					"$(inherited)",
					"@executable_path/Frameworks",
				);
				PRODUCT_BUNDLE_IDENTIFIER = "com.iOS-project";
				PRODUCT_NAME = "$(TARGET_NAME)";
				TARGETED_DEVICE_FAMILY = "1,2";
			};
			name = Debug;
		};
		A1A8C36623E9253500F44D96 /* Release */ = {
			isa = XCBuildConfiguration;
			baseConfigurationReference = FA0D440C401586DE9ED0564E /* Pods-iOS_project.release.xcconfig */;
			buildSettings = {
				ASSETCATALOG_COMPILER_APPICON_NAME = AppIcon;
				CODE_SIGN_STYLE = Automatic;
				INFOPLIST_FILE = iOS_project/Info.plist;
				LD_RUNPATH_SEARCH_PATHS = (
					"$(inherited)",
					"@executable_path/Frameworks",
				);
				PRODUCT_BUNDLE_IDENTIFIER = "com.iOS-project";
				PRODUCT_NAME = "$(TARGET_NAME)";
				TARGETED_DEVICE_FAMILY = "1,2";
			};
			name = Release;
		};
/* End XCBuildConfiguration section */

/* Begin XCConfigurationList section */
		A1A8C34923E9253300F44D96 /* Build configuration list for PBXProject "iOS_project" */ = {
			isa = XCConfigurationList;
			buildConfigurations = (
				A1A8C36223E9253500F44D96 /* Debug */,
				A1A8C36323E9253500F44D96 /* Release */,
			);
			defaultConfigurationIsVisible = 0;
			defaultConfigurationName = Release;
		};
		A1A8C36423E9253500F44D96 /* Build configuration list for PBXNativeTarget "iOS_project" */ = {
			isa = XCConfigurationList;
			buildConfigurations = (
				A1A8C36523E9253500F44D96 /* Debug */,
				A1A8C36623E9253500F44D96 /* Release */,
			);
			defaultConfigurationIsVisible = 0;
			defaultConfigurationName = Release;
		};
/* End XCConfigurationList section */
	};
	rootObject = A1A8C34623E9253300F44D96 /* Project object */;
}
